// !$*UTF8*$!
{
	archiveVersion = 1;
	classes = {
	};
	objectVersion = 55;
	objects = {

/* Begin PBXBuildFile section */
		B84B97F727F745F0002720CE /* Lesson.swift in Sources */ = {isa = PBXBuildFile; fileRef = B84B97F627F745F0002720CE /* Lesson.swift */; };
		B84B97FF27F873CB002720CE /* ScheduleBSUIRTests.swift in Sources */ = {isa = PBXBuildFile; fileRef = B84B97FE27F873CB002720CE /* ScheduleBSUIRTests.swift */; };
		B85F5E3727F07009007C7B3A /* ScheduleBSUIRApp.swift in Sources */ = {isa = PBXBuildFile; fileRef = B85F5E3627F07009007C7B3A /* ScheduleBSUIRApp.swift */; };
		B85F5E3927F07009007C7B3A /* ContentView.swift in Sources */ = {isa = PBXBuildFile; fileRef = B85F5E3827F07009007C7B3A /* ContentView.swift */; };
		B85F5E3B27F0700A007C7B3A /* Assets.xcassets in Resources */ = {isa = PBXBuildFile; fileRef = B85F5E3A27F0700A007C7B3A /* Assets.xcassets */; };
		B85F5E3E27F0700A007C7B3A /* Preview Assets.xcassets in Resources */ = {isa = PBXBuildFile; fileRef = B85F5E3D27F0700A007C7B3A /* Preview Assets.xcassets */; };
		B85F5E4927F07494007C7B3A /* TabBar.swift in Sources */ = {isa = PBXBuildFile; fileRef = B85F5E4827F07494007C7B3A /* TabBar.swift */; };
		B85F5E4B27F074CA007C7B3A /* TasksView.swift in Sources */ = {isa = PBXBuildFile; fileRef = B85F5E4A27F074CA007C7B3A /* TasksView.swift */; };
		B85F5E4D27F074DC007C7B3A /* ScheduleView.swift in Sources */ = {isa = PBXBuildFile; fileRef = B85F5E4C27F074DC007C7B3A /* ScheduleView.swift */; };
		B85F5E4F27F074ED007C7B3A /* AccountView.swift in Sources */ = {isa = PBXBuildFile; fileRef = B85F5E4E27F074ED007C7B3A /* AccountView.swift */; };
		B85F5E5327F0772D007C7B3A /* Tab.swift in Sources */ = {isa = PBXBuildFile; fileRef = B85F5E5227F0772D007C7B3A /* Tab.swift */; };
		B85F5E5527F0777D007C7B3A /* TabItem.swift in Sources */ = {isa = PBXBuildFile; fileRef = B85F5E5427F0777D007C7B3A /* TabItem.swift */; };
		B85F5E5727F07D58007C7B3A /* PreferenceKeys.swift in Sources */ = {isa = PBXBuildFile; fileRef = B85F5E5627F07D58007C7B3A /* PreferenceKeys.swift */; };
		B85F5E5A27F0827B007C7B3A /* TasksViewModel.swift in Sources */ = {isa = PBXBuildFile; fileRef = B85F5E5927F0827B007C7B3A /* TasksViewModel.swift */; };
		B85F5E5C27F082BA007C7B3A /* ScheduleViewModel.swift in Sources */ = {isa = PBXBuildFile; fileRef = B85F5E5B27F082BA007C7B3A /* ScheduleViewModel.swift */; };
		B85F5E5E27F082E4007C7B3A /* AccountViewModel.swift in Sources */ = {isa = PBXBuildFile; fileRef = B85F5E5D27F082E4007C7B3A /* AccountViewModel.swift */; };
		B85F5E6027F08D3A007C7B3A /* LessonView.swift in Sources */ = {isa = PBXBuildFile; fileRef = B85F5E5F27F08D3A007C7B3A /* LessonView.swift */; };
		B8E7430527F1BA7C0029A152 /* TaskView.swift in Sources */ = {isa = PBXBuildFile; fileRef = B8E7430427F1BA7C0029A152 /* TaskView.swift */; };
		B8E7430727F1BAC50029A152 /* TaskType.swift in Sources */ = {isa = PBXBuildFile; fileRef = B8E7430627F1BAC50029A152 /* TaskType.swift */; };
		B8E7430927F1BF9A0029A152 /* ViewModifiers.swift in Sources */ = {isa = PBXBuildFile; fileRef = B8E7430827F1BF990029A152 /* ViewModifiers.swift */; };
		B8E7430B27F1C46F0029A152 /* TextModifiers.swift in Sources */ = {isa = PBXBuildFile; fileRef = B8E7430A27F1C46F0029A152 /* TextModifiers.swift */; };
		B8E7430D27F1F4650029A152 /* CircleModifiers.swift in Sources */ = {isa = PBXBuildFile; fileRef = B8E7430C27F1F4650029A152 /* CircleModifiers.swift */; };
		B8E7430F27F239680029A152 /* MyStudentGroup.swift in Sources */ = {isa = PBXBuildFile; fileRef = B8E7430E27F239680029A152 /* MyStudentGroup.swift */; };
/* End PBXBuildFile section */

/* Begin PBXContainerItemProxy section */
		B84B980027F873CB002720CE /* PBXContainerItemProxy */ = {
			isa = PBXContainerItemProxy;
			containerPortal = B85F5E2B27F07009007C7B3A /* Project object */;
			proxyType = 1;
			remoteGlobalIDString = B85F5E3227F07009007C7B3A;
			remoteInfo = ScheduleBSUIR;
		};
/* End PBXContainerItemProxy section */

/* Begin PBXFileReference section */
		B84B97F627F745F0002720CE /* Lesson.swift */ = {isa = PBXFileReference; lastKnownFileType = sourcecode.swift; path = Lesson.swift; sourceTree = "<group>"; };
		B84B97FC27F873CB002720CE /* ScheduleBSUIRTests.xctest */ = {isa = PBXFileReference; explicitFileType = wrapper.cfbundle; includeInIndex = 0; path = ScheduleBSUIRTests.xctest; sourceTree = BUILT_PRODUCTS_DIR; };
		B84B97FE27F873CB002720CE /* ScheduleBSUIRTests.swift */ = {isa = PBXFileReference; lastKnownFileType = sourcecode.swift; path = ScheduleBSUIRTests.swift; sourceTree = "<group>"; };
		B85F5E3327F07009007C7B3A /* ScheduleBSUIR.app */ = {isa = PBXFileReference; explicitFileType = wrapper.application; includeInIndex = 0; path = ScheduleBSUIR.app; sourceTree = BUILT_PRODUCTS_DIR; };
		B85F5E3627F07009007C7B3A /* ScheduleBSUIRApp.swift */ = {isa = PBXFileReference; lastKnownFileType = sourcecode.swift; path = ScheduleBSUIRApp.swift; sourceTree = "<group>"; };
		B85F5E3827F07009007C7B3A /* ContentView.swift */ = {isa = PBXFileReference; lastKnownFileType = sourcecode.swift; path = ContentView.swift; sourceTree = "<group>"; };
		B85F5E3A27F0700A007C7B3A /* Assets.xcassets */ = {isa = PBXFileReference; lastKnownFileType = folder.assetcatalog; path = Assets.xcassets; sourceTree = "<group>"; };
		B85F5E3D27F0700A007C7B3A /* Preview Assets.xcassets */ = {isa = PBXFileReference; lastKnownFileType = folder.assetcatalog; path = "Preview Assets.xcassets"; sourceTree = "<group>"; };
		B85F5E4827F07494007C7B3A /* TabBar.swift */ = {isa = PBXFileReference; lastKnownFileType = sourcecode.swift; path = TabBar.swift; sourceTree = "<group>"; };
		B85F5E4A27F074CA007C7B3A /* TasksView.swift */ = {isa = PBXFileReference; lastKnownFileType = sourcecode.swift; path = TasksView.swift; sourceTree = "<group>"; };
		B85F5E4C27F074DC007C7B3A /* ScheduleView.swift */ = {isa = PBXFileReference; lastKnownFileType = sourcecode.swift; path = ScheduleView.swift; sourceTree = "<group>"; };
		B85F5E4E27F074ED007C7B3A /* AccountView.swift */ = {isa = PBXFileReference; lastKnownFileType = sourcecode.swift; path = AccountView.swift; sourceTree = "<group>"; };
		B85F5E5227F0772D007C7B3A /* Tab.swift */ = {isa = PBXFileReference; lastKnownFileType = sourcecode.swift; path = Tab.swift; sourceTree = "<group>"; };
		B85F5E5427F0777D007C7B3A /* TabItem.swift */ = {isa = PBXFileReference; lastKnownFileType = sourcecode.swift; path = TabItem.swift; sourceTree = "<group>"; };
		B85F5E5627F07D58007C7B3A /* PreferenceKeys.swift */ = {isa = PBXFileReference; lastKnownFileType = sourcecode.swift; path = PreferenceKeys.swift; sourceTree = "<group>"; };
		B85F5E5927F0827B007C7B3A /* TasksViewModel.swift */ = {isa = PBXFileReference; lastKnownFileType = sourcecode.swift; path = TasksViewModel.swift; sourceTree = "<group>"; };
		B85F5E5B27F082BA007C7B3A /* ScheduleViewModel.swift */ = {isa = PBXFileReference; lastKnownFileType = sourcecode.swift; path = ScheduleViewModel.swift; sourceTree = "<group>"; };
		B85F5E5D27F082E4007C7B3A /* AccountViewModel.swift */ = {isa = PBXFileReference; lastKnownFileType = sourcecode.swift; path = AccountViewModel.swift; sourceTree = "<group>"; };
		B85F5E5F27F08D3A007C7B3A /* LessonView.swift */ = {isa = PBXFileReference; lastKnownFileType = sourcecode.swift; path = LessonView.swift; sourceTree = "<group>"; };
		B8E7430427F1BA7C0029A152 /* TaskView.swift */ = {isa = PBXFileReference; lastKnownFileType = sourcecode.swift; path = TaskView.swift; sourceTree = "<group>"; };
		B8E7430627F1BAC50029A152 /* TaskType.swift */ = {isa = PBXFileReference; lastKnownFileType = sourcecode.swift; path = TaskType.swift; sourceTree = "<group>"; };
		B8E7430827F1BF990029A152 /* ViewModifiers.swift */ = {isa = PBXFileReference; lastKnownFileType = sourcecode.swift; path = ViewModifiers.swift; sourceTree = "<group>"; };
		B8E7430A27F1C46F0029A152 /* TextModifiers.swift */ = {isa = PBXFileReference; lastKnownFileType = sourcecode.swift; path = TextModifiers.swift; sourceTree = "<group>"; };
		B8E7430C27F1F4650029A152 /* CircleModifiers.swift */ = {isa = PBXFileReference; lastKnownFileType = sourcecode.swift; path = CircleModifiers.swift; sourceTree = "<group>"; };
		B8E7430E27F239680029A152 /* MyStudentGroup.swift */ = {isa = PBXFileReference; lastKnownFileType = sourcecode.swift; path = MyStudentGroup.swift; sourceTree = "<group>"; };
/* End PBXFileReference section */

/* Begin PBXFrameworksBuildPhase section */
		B84B97F927F873CB002720CE /* Frameworks */ = {
			isa = PBXFrameworksBuildPhase;
			buildActionMask = 2147483647;
			files = (
			);
			runOnlyForDeploymentPostprocessing = 0;
		};
		B85F5E3027F07009007C7B3A /* Frameworks */ = {
			isa = PBXFrameworksBuildPhase;
			buildActionMask = 2147483647;
			files = (
			);
			runOnlyForDeploymentPostprocessing = 0;
		};
/* End PBXFrameworksBuildPhase section */

/* Begin PBXGroup section */
		B84B97FD27F873CB002720CE /* ScheduleBSUIRTests */ = {
			isa = PBXGroup;
			children = (
				B84B97FE27F873CB002720CE /* ScheduleBSUIRTests.swift */,
			);
			path = ScheduleBSUIRTests;
			sourceTree = "<group>";
		};
		B85F5E2A27F07009007C7B3A = {
			isa = PBXGroup;
			children = (
				B85F5E3527F07009007C7B3A /* ScheduleBSUIR */,
				B84B97FD27F873CB002720CE /* ScheduleBSUIRTests */,
				B85F5E3427F07009007C7B3A /* Products */,
			);
			sourceTree = "<group>";
		};
		B85F5E3427F07009007C7B3A /* Products */ = {
			isa = PBXGroup;
			children = (
				B85F5E3327F07009007C7B3A /* ScheduleBSUIR.app */,
				B84B97FC27F873CB002720CE /* ScheduleBSUIRTests.xctest */,
			);
			name = Products;
			sourceTree = "<group>";
		};
		B85F5E3527F07009007C7B3A /* ScheduleBSUIR */ = {
			isa = PBXGroup;
			children = (
				B85F5E3627F07009007C7B3A /* ScheduleBSUIRApp.swift */,
				B85F5E4427F072F1007C7B3A /* Navigation */,
				B85F5E4527F0730D007C7B3A /* Views */,
				B85F5E5827F0802B007C7B3A /* ViewModels */,
				B85F5E4627F07356007C7B3A /* Components */,
				B85F5E4727F0736B007C7B3A /* Models */,
				B8E7430327F1A7F40029A152 /* Styles */,
				B85F5E3A27F0700A007C7B3A /* Assets.xcassets */,
				B85F5E3C27F0700A007C7B3A /* Preview Content */,
			);
			path = ScheduleBSUIR;
			sourceTree = "<group>";
		};
		B85F5E3C27F0700A007C7B3A /* Preview Content */ = {
			isa = PBXGroup;
			children = (
				B85F5E3D27F0700A007C7B3A /* Preview Assets.xcassets */,
			);
			path = "Preview Content";
			sourceTree = "<group>";
		};
		B85F5E4427F072F1007C7B3A /* Navigation */ = {
			isa = PBXGroup;
			children = (
				B85F5E3827F07009007C7B3A /* ContentView.swift */,
				B85F5E4827F07494007C7B3A /* TabBar.swift */,
			);
			path = Navigation;
			sourceTree = "<group>";
		};
		B85F5E4527F0730D007C7B3A /* Views */ = {
			isa = PBXGroup;
			children = (
				B85F5E4A27F074CA007C7B3A /* TasksView.swift */,
				B85F5E4C27F074DC007C7B3A /* ScheduleView.swift */,
				B85F5E4E27F074ED007C7B3A /* AccountView.swift */,
			);
			path = Views;
			sourceTree = "<group>";
		};
		B85F5E4627F07356007C7B3A /* Components */ = {
			isa = PBXGroup;
			children = (
				B85F5E5F27F08D3A007C7B3A /* LessonView.swift */,
				B8E7430427F1BA7C0029A152 /* TaskView.swift */,
			);
			path = Components;
			sourceTree = "<group>";
		};
		B85F5E4727F0736B007C7B3A /* Models */ = {
			isa = PBXGroup;
			children = (
				B8E7430627F1BAC50029A152 /* TaskType.swift */,
				B84B97F627F745F0002720CE /* Lesson.swift */,
				B85F5E5227F0772D007C7B3A /* Tab.swift */,
				B85F5E5427F0777D007C7B3A /* TabItem.swift */,
				B85F5E5627F07D58007C7B3A /* PreferenceKeys.swift */,
				B8E7430E27F239680029A152 /* MyStudentGroup.swift */,
			);
			path = Models;
			sourceTree = "<group>";
		};
		B85F5E5827F0802B007C7B3A /* ViewModels */ = {
			isa = PBXGroup;
			children = (
				B85F5E5927F0827B007C7B3A /* TasksViewModel.swift */,
				B85F5E5B27F082BA007C7B3A /* ScheduleViewModel.swift */,
				B85F5E5D27F082E4007C7B3A /* AccountViewModel.swift */,
			);
			path = ViewModels;
			sourceTree = "<group>";
		};
		B8E7430327F1A7F40029A152 /* Styles */ = {
			isa = PBXGroup;
			children = (
				B8E7430827F1BF990029A152 /* ViewModifiers.swift */,
				B8E7430A27F1C46F0029A152 /* TextModifiers.swift */,
				B8E7430C27F1F4650029A152 /* CircleModifiers.swift */,
			);
			path = Styles;
			sourceTree = "<group>";
		};
/* End PBXGroup section */

/* Begin PBXNativeTarget section */
		B84B97FB27F873CB002720CE /* ScheduleBSUIRTests */ = {
			isa = PBXNativeTarget;
			buildConfigurationList = B84B980227F873CB002720CE /* Build configuration list for PBXNativeTarget "ScheduleBSUIRTests" */;
			buildPhases = (
				B84B97F827F873CB002720CE /* Sources */,
				B84B97F927F873CB002720CE /* Frameworks */,
				B84B97FA27F873CB002720CE /* Resources */,
			);
			buildRules = (
			);
			dependencies = (
				B84B980127F873CB002720CE /* PBXTargetDependency */,
			);
			name = ScheduleBSUIRTests;
			productName = ScheduleBSUIRTests;
			productReference = B84B97FC27F873CB002720CE /* ScheduleBSUIRTests.xctest */;
			productType = "com.apple.product-type.bundle.unit-test";
		};
		B85F5E3227F07009007C7B3A /* ScheduleBSUIR */ = {
			isa = PBXNativeTarget;
			buildConfigurationList = B85F5E4127F0700A007C7B3A /* Build configuration list for PBXNativeTarget "ScheduleBSUIR" */;
			buildPhases = (
				B85F5E2F27F07009007C7B3A /* Sources */,
				B85F5E3027F07009007C7B3A /* Frameworks */,
				B85F5E3127F07009007C7B3A /* Resources */,
			);
			buildRules = (
			);
			dependencies = (
			);
			name = ScheduleBSUIR;
			productName = ScheduleBSUIR;
			productReference = B85F5E3327F07009007C7B3A /* ScheduleBSUIR.app */;
			productType = "com.apple.product-type.application";
		};
/* End PBXNativeTarget section */

/* Begin PBXProject section */
		B85F5E2B27F07009007C7B3A /* Project object */ = {
			isa = PBXProject;
			attributes = {
				BuildIndependentTargetsInParallel = 1;
				LastSwiftUpdateCheck = 1330;
				LastUpgradeCheck = 1330;
				TargetAttributes = {
					B84B97FB27F873CB002720CE = {
						CreatedOnToolsVersion = 13.3;
						TestTargetID = B85F5E3227F07009007C7B3A;
					};
					B85F5E3227F07009007C7B3A = {
						CreatedOnToolsVersion = 13.3;
					};
				};
			};
			buildConfigurationList = B85F5E2E27F07009007C7B3A /* Build configuration list for PBXProject "ScheduleBSUIR" */;
			compatibilityVersion = "Xcode 13.0";
			developmentRegion = en;
			hasScannedForEncodings = 0;
			knownRegions = (
				en,
				Base,
			);
			mainGroup = B85F5E2A27F07009007C7B3A;
			productRefGroup = B85F5E3427F07009007C7B3A /* Products */;
			projectDirPath = "";
			projectRoot = "";
			targets = (
				B85F5E3227F07009007C7B3A /* ScheduleBSUIR */,
				B84B97FB27F873CB002720CE /* ScheduleBSUIRTests */,
			);
		};
/* End PBXProject section */

/* Begin PBXResourcesBuildPhase section */
		B84B97FA27F873CB002720CE /* Resources */ = {
			isa = PBXResourcesBuildPhase;
			buildActionMask = 2147483647;
			files = (
			);
			runOnlyForDeploymentPostprocessing = 0;
		};
		B85F5E3127F07009007C7B3A /* Resources */ = {
			isa = PBXResourcesBuildPhase;
			buildActionMask = 2147483647;
			files = (
				B85F5E3E27F0700A007C7B3A /* Preview Assets.xcassets in Resources */,
				B85F5E3B27F0700A007C7B3A /* Assets.xcassets in Resources */,
			);
			runOnlyForDeploymentPostprocessing = 0;
		};
/* End PBXResourcesBuildPhase section */

/* Begin PBXSourcesBuildPhase section */
		B84B97F827F873CB002720CE /* Sources */ = {
			isa = PBXSourcesBuildPhase;
			buildActionMask = 2147483647;
			files = (
				B84B97FF27F873CB002720CE /* ScheduleBSUIRTests.swift in Sources */,
			);
			runOnlyForDeploymentPostprocessing = 0;
		};
		B85F5E2F27F07009007C7B3A /* Sources */ = {
			isa = PBXSourcesBuildPhase;
			buildActionMask = 2147483647;
			files = (
				B85F5E4F27F074ED007C7B3A /* AccountView.swift in Sources */,
				B85F5E5727F07D58007C7B3A /* PreferenceKeys.swift in Sources */,
				B8E7430F27F239680029A152 /* MyStudentGroup.swift in Sources */,
				B85F5E4D27F074DC007C7B3A /* ScheduleView.swift in Sources */,
				B85F5E5327F0772D007C7B3A /* Tab.swift in Sources */,
				B8E7430927F1BF9A0029A152 /* ViewModifiers.swift in Sources */,
				B85F5E6027F08D3A007C7B3A /* LessonView.swift in Sources */,
				B85F5E4927F07494007C7B3A /* TabBar.swift in Sources */,
				B8E7430527F1BA7C0029A152 /* TaskView.swift in Sources */,
				B85F5E3927F07009007C7B3A /* ContentView.swift in Sources */,
				B85F5E5C27F082BA007C7B3A /* ScheduleViewModel.swift in Sources */,
				B85F5E3727F07009007C7B3A /* ScheduleBSUIRApp.swift in Sources */,
				B8E7430D27F1F4650029A152 /* CircleModifiers.swift in Sources */,
				B85F5E4B27F074CA007C7B3A /* TasksView.swift in Sources */,
				B8E7430B27F1C46F0029A152 /* TextModifiers.swift in Sources */,
				B85F5E5527F0777D007C7B3A /* TabItem.swift in Sources */,
				B85F5E5E27F082E4007C7B3A /* AccountViewModel.swift in Sources */,
				B8E7430727F1BAC50029A152 /* TaskType.swift in Sources */,
				B85F5E5A27F0827B007C7B3A /* TasksViewModel.swift in Sources */,
				B84B97F727F745F0002720CE /* Lesson.swift in Sources */,
			);
			runOnlyForDeploymentPostprocessing = 0;
		};
/* End PBXSourcesBuildPhase section */

/* Begin PBXTargetDependency section */
		B84B980127F873CB002720CE /* PBXTargetDependency */ = {
			isa = PBXTargetDependency;
			target = B85F5E3227F07009007C7B3A /* ScheduleBSUIR */;
			targetProxy = B84B980027F873CB002720CE /* PBXContainerItemProxy */;
		};
/* End PBXTargetDependency section */

/* Begin XCBuildConfiguration section */
		B84B980327F873CB002720CE /* Debug */ = {
			isa = XCBuildConfiguration;
			buildSettings = {
				BUNDLE_LOADER = "$(TEST_HOST)";
				CODE_SIGN_STYLE = Automatic;
				CURRENT_PROJECT_VERSION = 1;
				DEVELOPMENT_TEAM = 5998BU97D3;
				GENERATE_INFOPLIST_FILE = YES;
				MARKETING_VERSION = 1.0;
				PRODUCT_BUNDLE_IDENTIFIER = artemiykutasevich.ScheduleBSUIRTests;
				PRODUCT_NAME = "$(TARGET_NAME)";
				SWIFT_EMIT_LOC_STRINGS = NO;
				SWIFT_VERSION = 5.0;
				TARGETED_DEVICE_FAMILY = "1,2";
				TEST_HOST = "$(BUILT_PRODUCTS_DIR)/ScheduleBSUIR.app/ScheduleBSUIR";
			};
			name = Debug;
		};
		B84B980427F873CB002720CE /* Release */ = {
			isa = XCBuildConfiguration;
			buildSettings = {
				BUNDLE_LOADER = "$(TEST_HOST)";
				CODE_SIGN_STYLE = Automatic;
				CURRENT_PROJECT_VERSION = 1;
				DEVELOPMENT_TEAM = 5998BU97D3;
				GENERATE_INFOPLIST_FILE = YES;
				MARKETING_VERSION = 1.0;
				PRODUCT_BUNDLE_IDENTIFIER = artemiykutasevich.ScheduleBSUIRTests;
				PRODUCT_NAME = "$(TARGET_NAME)";
				SWIFT_EMIT_LOC_STRINGS = NO;
				SWIFT_VERSION = 5.0;
				TARGETED_DEVICE_FAMILY = "1,2";
				TEST_HOST = "$(BUILT_PRODUCTS_DIR)/ScheduleBSUIR.app/ScheduleBSUIR";
			};
			name = Release;
		};
		B85F5E3F27F0700A007C7B3A /* Debug */ = {
			isa = XCBuildConfiguration;
			buildSettings = {
				ALWAYS_SEARCH_USER_PATHS = NO;
				CLANG_ANALYZER_NONNULL = YES;
				CLANG_ANALYZER_NUMBER_OBJECT_CONVERSION = YES_AGGRESSIVE;
				CLANG_CXX_LANGUAGE_STANDARD = "gnu++17";
				CLANG_ENABLE_MODULES = YES;
				CLANG_ENABLE_OBJC_ARC = YES;
				CLANG_ENABLE_OBJC_WEAK = YES;
				CLANG_WARN_BLOCK_CAPTURE_AUTORELEASING = YES;
				CLANG_WARN_BOOL_CONVERSION = YES;
				CLANG_WARN_COMMA = YES;
				CLANG_WARN_CONSTANT_CONVERSION = YES;
				CLANG_WARN_DEPRECATED_OBJC_IMPLEMENTATIONS = YES;
				CLANG_WARN_DIRECT_OBJC_ISA_USAGE = YES_ERROR;
				CLANG_WARN_DOCUMENTATION_COMMENTS = YES;
				CLANG_WARN_EMPTY_BODY = YES;
				CLANG_WARN_ENUM_CONVERSION = YES;
				CLANG_WARN_INFINITE_RECURSION = YES;
				CLANG_WARN_INT_CONVERSION = YES;
				CLANG_WARN_NON_LITERAL_NULL_CONVERSION = YES;
				CLANG_WARN_OBJC_IMPLICIT_RETAIN_SELF = YES;
				CLANG_WARN_OBJC_LITERAL_CONVERSION = YES;
				CLANG_WARN_OBJC_ROOT_CLASS = YES_ERROR;
				CLANG_WARN_QUOTED_INCLUDE_IN_FRAMEWORK_HEADER = YES;
				CLANG_WARN_RANGE_LOOP_ANALYSIS = YES;
				CLANG_WARN_STRICT_PROTOTYPES = YES;
				CLANG_WARN_SUSPICIOUS_MOVE = YES;
				CLANG_WARN_UNGUARDED_AVAILABILITY = YES_AGGRESSIVE;
				CLANG_WARN_UNREACHABLE_CODE = YES;
				CLANG_WARN__DUPLICATE_METHOD_MATCH = YES;
				COPY_PHASE_STRIP = NO;
				DEBUG_INFORMATION_FORMAT = dwarf;
				ENABLE_STRICT_OBJC_MSGSEND = YES;
				ENABLE_TESTABILITY = YES;
				GCC_C_LANGUAGE_STANDARD = gnu11;
				GCC_DYNAMIC_NO_PIC = NO;
				GCC_NO_COMMON_BLOCKS = YES;
				GCC_OPTIMIZATION_LEVEL = 0;
				GCC_PREPROCESSOR_DEFINITIONS = (
					"DEBUG=1",
					"$(inherited)",
				);
				GCC_WARN_64_TO_32_BIT_CONVERSION = YES;
				GCC_WARN_ABOUT_RETURN_TYPE = YES_ERROR;
				GCC_WARN_UNDECLARED_SELECTOR = YES;
				GCC_WARN_UNINITIALIZED_AUTOS = YES_AGGRESSIVE;
				GCC_WARN_UNUSED_FUNCTION = YES;
				GCC_WARN_UNUSED_VARIABLE = YES;
				IPHONEOS_DEPLOYMENT_TARGET = 15.4;
				MTL_ENABLE_DEBUG_INFO = INCLUDE_SOURCE;
				MTL_FAST_MATH = YES;
				ONLY_ACTIVE_ARCH = YES;
				SDKROOT = iphoneos;
				SWIFT_ACTIVE_COMPILATION_CONDITIONS = DEBUG;
				SWIFT_OPTIMIZATION_LEVEL = "-Onone";
			};
			name = Debug;
		};
		B85F5E4027F0700A007C7B3A /* Release */ = {
			isa = XCBuildConfiguration;
			buildSettings = {
				ALWAYS_SEARCH_USER_PATHS = NO;
				CLANG_ANALYZER_NONNULL = YES;
				CLANG_ANALYZER_NUMBER_OBJECT_CONVERSION = YES_AGGRESSIVE;
				CLANG_CXX_LANGUAGE_STANDARD = "gnu++17";
				CLANG_ENABLE_MODULES = YES;
				CLANG_ENABLE_OBJC_ARC = YES;
				CLANG_ENABLE_OBJC_WEAK = YES;
				CLANG_WARN_BLOCK_CAPTURE_AUTORELEASING = YES;
				CLANG_WARN_BOOL_CONVERSION = YES;
				CLANG_WARN_COMMA = YES;
				CLANG_WARN_CONSTANT_CONVERSION = YES;
				CLANG_WARN_DEPRECATED_OBJC_IMPLEMENTATIONS = YES;
				CLANG_WARN_DIRECT_OBJC_ISA_USAGE = YES_ERROR;
				CLANG_WARN_DOCUMENTATION_COMMENTS = YES;
				CLANG_WARN_EMPTY_BODY = YES;
				CLANG_WARN_ENUM_CONVERSION = YES;
				CLANG_WARN_INFINITE_RECURSION = YES;
				CLANG_WARN_INT_CONVERSION = YES;
				CLANG_WARN_NON_LITERAL_NULL_CONVERSION = YES;
				CLANG_WARN_OBJC_IMPLICIT_RETAIN_SELF = YES;
				CLANG_WARN_OBJC_LITERAL_CONVERSION = YES;
				CLANG_WARN_OBJC_ROOT_CLASS = YES_ERROR;
				CLANG_WARN_QUOTED_INCLUDE_IN_FRAMEWORK_HEADER = YES;
				CLANG_WARN_RANGE_LOOP_ANALYSIS = YES;
				CLANG_WARN_STRICT_PROTOTYPES = YES;
				CLANG_WARN_SUSPICIOUS_MOVE = YES;
				CLANG_WARN_UNGUARDED_AVAILABILITY = YES_AGGRESSIVE;
				CLANG_WARN_UNREACHABLE_CODE = YES;
				CLANG_WARN__DUPLICATE_METHOD_MATCH = YES;
				COPY_PHASE_STRIP = NO;
				DEBUG_INFORMATION_FORMAT = "dwarf-with-dsym";
				ENABLE_NS_ASSERTIONS = NO;
				ENABLE_STRICT_OBJC_MSGSEND = YES;
				GCC_C_LANGUAGE_STANDARD = gnu11;
				GCC_NO_COMMON_BLOCKS = YES;
				GCC_WARN_64_TO_32_BIT_CONVERSION = YES;
				GCC_WARN_ABOUT_RETURN_TYPE = YES_ERROR;
				GCC_WARN_UNDECLARED_SELECTOR = YES;
				GCC_WARN_UNINITIALIZED_AUTOS = YES_AGGRESSIVE;
				GCC_WARN_UNUSED_FUNCTION = YES;
				GCC_WARN_UNUSED_VARIABLE = YES;
				IPHONEOS_DEPLOYMENT_TARGET = 15.4;
				MTL_ENABLE_DEBUG_INFO = NO;
				MTL_FAST_MATH = YES;
				SDKROOT = iphoneos;
				SWIFT_COMPILATION_MODE = wholemodule;
				SWIFT_OPTIMIZATION_LEVEL = "-O";
				VALIDATE_PRODUCT = YES;
			};
			name = Release;
		};
		B85F5E4227F0700A007C7B3A /* Debug */ = {
			isa = XCBuildConfiguration;
			buildSettings = {
				ASSETCATALOG_COMPILER_APPICON_NAME = AppIcon;
				ASSETCATALOG_COMPILER_GLOBAL_ACCENT_COLOR_NAME = AccentColor;
				CODE_SIGN_STYLE = Automatic;
				CURRENT_PROJECT_VERSION = 1;
				DEVELOPMENT_ASSET_PATHS = "\"ScheduleBSUIR/Preview Content\"";
				DEVELOPMENT_TEAM = 5998BU97D3;
				ENABLE_PREVIEWS = YES;
				GENERATE_INFOPLIST_FILE = YES;
				INFOPLIST_KEY_UIApplicationSceneManifest_Generation = YES;
				INFOPLIST_KEY_UIApplicationSupportsIndirectInputEvents = YES;
				INFOPLIST_KEY_UILaunchScreen_Generation = YES;
				INFOPLIST_KEY_UISupportedInterfaceOrientations = UIInterfaceOrientationPortrait;
				INFOPLIST_KEY_UISupportedInterfaceOrientations_iPad = "UIInterfaceOrientationPortrait UIInterfaceOrientationPortraitUpsideDown UIInterfaceOrientationLandscapeLeft UIInterfaceOrientationLandscapeRight";
				INFOPLIST_KEY_UISupportedInterfaceOrientations_iPhone = "UIInterfaceOrientationPortrait UIInterfaceOrientationLandscapeLeft UIInterfaceOrientationLandscapeRight";
				IPHONEOS_DEPLOYMENT_TARGET = 15.0;
				LD_RUNPATH_SEARCH_PATHS = (
					"$(inherited)",
					"@executable_path/Frameworks",
				);
				MARKETING_VERSION = 1.0;
				PRODUCT_BUNDLE_IDENTIFIER = artemiykutasevich.ScheduleBSUIR;
				PRODUCT_NAME = "$(TARGET_NAME)";
				SWIFT_EMIT_LOC_STRINGS = YES;
				SWIFT_VERSION = 5.0;
				TARGETED_DEVICE_FAMILY = 1;
			};
			name = Debug;
		};
		B85F5E4327F0700A007C7B3A /* Release */ = {
			isa = XCBuildConfiguration;
			buildSettings = {
				ASSETCATALOG_COMPILER_APPICON_NAME = AppIcon;
				ASSETCATALOG_COMPILER_GLOBAL_ACCENT_COLOR_NAME = AccentColor;
				CODE_SIGN_STYLE = Automatic;
				CURRENT_PROJECT_VERSION = 1;
				DEVELOPMENT_ASSET_PATHS = "\"ScheduleBSUIR/Preview Content\"";
				DEVELOPMENT_TEAM = 5998BU97D3;
				ENABLE_PREVIEWS = YES;
				GENERATE_INFOPLIST_FILE = YES;
				INFOPLIST_KEY_UIApplicationSceneManifest_Generation = YES;
				INFOPLIST_KEY_UIApplicationSupportsIndirectInputEvents = YES;
				INFOPLIST_KEY_UILaunchScreen_Generation = YES;
				INFOPLIST_KEY_UISupportedInterfaceOrientations = UIInterfaceOrientationPortrait;
				INFOPLIST_KEY_UISupportedInterfaceOrientations_iPad = "UIInterfaceOrientationPortrait UIInterfaceOrientationPortraitUpsideDown UIInterfaceOrientationLandscapeLeft UIInterfaceOrientationLandscapeRight";
				INFOPLIST_KEY_UISupportedInterfaceOrientations_iPhone = "UIInterfaceOrientationPortrait UIInterfaceOrientationLandscapeLeft UIInterfaceOrientationLandscapeRight";
				IPHONEOS_DEPLOYMENT_TARGET = 15.0;
				LD_RUNPATH_SEARCH_PATHS = (
					"$(inherited)",
					"@executable_path/Frameworks",
				);
				MARKETING_VERSION = 1.0;
				PRODUCT_BUNDLE_IDENTIFIER = artemiykutasevich.ScheduleBSUIR;
				PRODUCT_NAME = "$(TARGET_NAME)";
				SWIFT_EMIT_LOC_STRINGS = YES;
				SWIFT_VERSION = 5.0;
				TARGETED_DEVICE_FAMILY = 1;
			};
			name = Release;
		};
/* End XCBuildConfiguration section */

/* Begin XCConfigurationList section */
		B84B980227F873CB002720CE /* Build configuration list for PBXNativeTarget "ScheduleBSUIRTests" */ = {
			isa = XCConfigurationList;
			buildConfigurations = (
				B84B980327F873CB002720CE /* Debug */,
				B84B980427F873CB002720CE /* Release */,
			);
			defaultConfigurationIsVisible = 0;
			defaultConfigurationName = Release;
		};
		B85F5E2E27F07009007C7B3A /* Build configuration list for PBXProject "ScheduleBSUIR" */ = {
			isa = XCConfigurationList;
			buildConfigurations = (
				B85F5E3F27F0700A007C7B3A /* Debug */,
				B85F5E4027F0700A007C7B3A /* Release */,
			);
			defaultConfigurationIsVisible = 0;
			defaultConfigurationName = Release;
		};
		B85F5E4127F0700A007C7B3A /* Build configuration list for PBXNativeTarget "ScheduleBSUIR" */ = {
			isa = XCConfigurationList;
			buildConfigurations = (
				B85F5E4227F0700A007C7B3A /* Debug */,
				B85F5E4327F0700A007C7B3A /* Release */,
			);
			defaultConfigurationIsVisible = 0;
			defaultConfigurationName = Release;
		};
/* End XCConfigurationList section */
	};
	rootObject = B85F5E2B27F07009007C7B3A /* Project object */;
}
